
Microsoft Visual Studio Solution File, Format Version 12.00
# Visual Studio Version 16
VisualStudioVersion = 16.0.30717.126
MinimumVisualStudioVersion = 10.0.40219.1
Project("{FAE04EC0-301F-11D3-BF4B-00C04F79EFBC}") = "Programming Project 2", "Programming Project 2\Programming Project 2.csproj", "{08B00D7F-01D5-4D53-B202-7A2E22906D14}"
EndProject
Global
	GlobalSection(SolutionConfigurationPlatforms) = preSolution
		Debug|Any CPU = Debug|Any CPU
		Release|Any CPU = Release|Any CPU
	EndGlobalSection
	GlobalSection(ProjectConfigurationPlatforms) = postSolution
		{08B00D7F-01D5-4D53-B202-7A2E22906D14}.Debug|Any CPU.ActiveCfg = Debug|Any CPU
		{08B00D7F-01D5-4D53-B202-7A2E22906D14}.Debug|Any CPU.Build.0 = Debug|Any CPU
		{08B00D7F-01D5-4D53-B202-7A2E22906D14}.Release|Any CPU.ActiveCfg = Release|Any CPU
		{08B00D7F-01D5-4D53-B202-7A2E22906D14}.Release|Any CPU.Build.0 = Release|Any CPU
	EndGlobalSection
	GlobalSection(SolutionProperties) = preSolution
		HideSolutionNode = FALSE
	EndGlobalSection
	GlobalSection(ExtensibilityGlobals) = postSolution
		SolutionGuid = {E448E672-4148-4FE1-827B-FE891FE33AA8}
	EndGlobalSection
EndGlobal
